
Microsoft Visual Studio Solution File, Format Version 12.00
# Visual Studio 15
VisualStudioVersion = 15.0.28307.1145
MinimumVisualStudioVersion = 10.0.40219.1
Project("{FAE04EC0-301F-11D3-BF4B-00C04F79EFBC}") = "BubbleSort", "BubbleSort\BubbleSort.csproj", "{1396075D-46DB-4188-B719-13B2ED670112}"
EndProject
Global
	GlobalSection(SolutionConfigurationPlatforms) = preSolution
		Debug|Any CPU = Debug|Any CPU
		Release|Any CPU = Release|Any CPU
	EndGlobalSection
	GlobalSection(ProjectConfigurationPlatforms) = postSolution
		{1396075D-46DB-4188-B719-13B2ED670112}.Debug|Any CPU.ActiveCfg = Debug|Any CPU
		{1396075D-46DB-4188-B719-13B2ED670112}.Debug|Any CPU.Build.0 = Debug|Any CPU
		{1396075D-46DB-4188-B719-13B2ED670112}.Release|Any CPU.ActiveCfg = Release|Any CPU
		{1396075D-46DB-4188-B719-13B2ED670112}.Release|Any CPU.Build.0 = Release|Any CPU
	EndGlobalSection
	GlobalSection(SolutionProperties) = preSolution
		HideSolutionNode = FALSE
	EndGlobalSection
	GlobalSection(ExtensibilityGlobals) = postSolution
		SolutionGuid = {36FFEE53-E9D4-46D9-B4B7-5106D4939037}
	EndGlobalSection
EndGlobal
